
Microsoft Visual Studio Solution File, Format Version 12.00
# Visual Studio Version 16
VisualStudioVersion = 16.0.32228.343
MinimumVisualStudioVersion = 10.0.40219.1
Project("{FAE04EC0-301F-11D3-BF4B-00C04F79EFBC}") = "LoadGraphml", "LoadGraphml.csproj", "{FE9D5021-A356-41CE-98E5-B096361996E8}"
EndProject
Global
	GlobalSection(SolutionConfigurationPlatforms) = preSolution
		Debug|Any CPU = Debug|Any CPU
		Release|Any CPU = Release|Any CPU
	EndGlobalSection
	GlobalSection(ProjectConfigurationPlatforms) = postSolution
		{FE9D5021-A356-41CE-98E5-B096361996E8}.Debug|Any CPU.ActiveCfg = Debug|Any CPU
		{FE9D5021-A356-41CE-98E5-B096361996E8}.Debug|Any CPU.Build.0 = Debug|Any CPU
		{FE9D5021-A356-41CE-98E5-B096361996E8}.Release|Any CPU.ActiveCfg = Release|Any CPU
		{FE9D5021-A356-41CE-98E5-B096361996E8}.Release|Any CPU.Build.0 = Release|Any CPU
	EndGlobalSection
	GlobalSection(SolutionProperties) = preSolution
		HideSolutionNode = FALSE
	EndGlobalSection
	GlobalSection(ExtensibilityGlobals) = postSolution
		SolutionGuid = {ED322710-0E5B-4D41-AB8E-993B568DD021}
	EndGlobalSection
EndGlobal
